{
  "version": 1,
  "dependencies": {
    "net6.0": {
      "JetBrains.Annotations": {
        "type": "Direct",
        "requested": "[2022.1.0, )",
        "resolved": "2022.1.0",
        "contentHash": "ASfpoFJxiRsC9Xc4TWuPM41Zb/gl64xwfMOhnOZ3RnVWGYIZchjpWQV5zshJgoc/ZxVtgjaF7b577lURj7E6ig=="
      },
      "Nerdbank.GitVersioning": {
        "type": "Direct",
        "requested": "[3.5.108, )",
        "resolved": "3.5.108",
        "contentHash": "+1Zn/jrrbBS1MVK20W8d8g4nEREPuZ6IHDTmtqlJiNeGXN45Iou0IPe5hykbLAVyWfnoN3bPCDBIVjeAfoMsWQ=="
      }
    }
  }
}