{
  "version": 1,
  "dependencies": {
    "net6.0": {
      "JetBrains.Annotations": {
        "type": "Direct",
        "requested": "[2023.3.0, )",
        "resolved": "2023.3.0",
        "contentHash": "PHfnvdBUdGaTVG9bR/GEfxgTwWM0Z97Y6X3710wiljELBISipSfF5okn/vz+C2gfO+ihoEyVPjaJwn8ZalVukA=="
      },
      "Nerdbank.GitVersioning": {
        "type": "Direct",
        "requested": "[3.6.133, )",
        "resolved": "3.6.133",
        "contentHash": "VZWMd5YAeDxpjWjAP/X6bAxnRMiEf6tES/ITN0X5CHJgkWLLeHGmEALivmTAfYM6P+P/3Szy6VCITUAkqjcHVw=="
      }
    },
    "net8.0": {
      "JetBrains.Annotations": {
        "type": "Direct",
        "requested": "[2023.3.0, )",
        "resolved": "2023.3.0",
        "contentHash": "PHfnvdBUdGaTVG9bR/GEfxgTwWM0Z97Y6X3710wiljELBISipSfF5okn/vz+C2gfO+ihoEyVPjaJwn8ZalVukA=="
      },
      "Nerdbank.GitVersioning": {
        "type": "Direct",
        "requested": "[3.6.133, )",
        "resolved": "3.6.133",
        "contentHash": "VZWMd5YAeDxpjWjAP/X6bAxnRMiEf6tES/ITN0X5CHJgkWLLeHGmEALivmTAfYM6P+P/3Szy6VCITUAkqjcHVw=="
      }
    }
  }
}